
Microsoft Visual Studio Solution File, Format Version 12.00
# Visual Studio Version 16
VisualStudioVersion = 16.0.31702.278
MinimumVisualStudioVersion = 10.0.40219.1
Project("{FAE04EC0-301F-11D3-BF4B-00C04F79EFBC}") = "Web_Asp_FIA35_GästebuchMvcModelDB", "Web_Asp_FIA35_GästebuchMvcModelDB\Web_Asp_FIA35_GästebuchMvcModelDB.csproj", "{1AC46EC4-887C-486D-B74F-CF10ACDBDA2B}"
EndProject
Global
	GlobalSection(SolutionConfigurationPlatforms) = preSolution
		Debug|Any CPU = Debug|Any CPU
		Release|Any CPU = Release|Any CPU
	EndGlobalSection
	GlobalSection(ProjectConfigurationPlatforms) = postSolution
		{1AC46EC4-887C-486D-B74F-CF10ACDBDA2B}.Debug|Any CPU.ActiveCfg = Debug|Any CPU
		{1AC46EC4-887C-486D-B74F-CF10ACDBDA2B}.Debug|Any CPU.Build.0 = Debug|Any CPU
		{1AC46EC4-887C-486D-B74F-CF10ACDBDA2B}.Release|Any CPU.ActiveCfg = Release|Any CPU
		{1AC46EC4-887C-486D-B74F-CF10ACDBDA2B}.Release|Any CPU.Build.0 = Release|Any CPU
	EndGlobalSection
	GlobalSection(SolutionProperties) = preSolution
		HideSolutionNode = FALSE
	EndGlobalSection
	GlobalSection(ExtensibilityGlobals) = postSolution
		SolutionGuid = {022F650F-995C-41F8-A3BC-D0DB4B70F942}
	EndGlobalSection
EndGlobal
